// !$*UTF8*$!
{
	archiveVersion = 1;
	classes = {
	};
	objectVersion = 48;
	objects = {

/* Begin PBXBuildFile section */
		CA99F3DA1FD66103009A0E83 /* AppDelegate.swift in Sources */ = {isa = PBXBuildFile; fileRef = CA99F3D91FD66103009A0E83 /* AppDelegate.swift */; };
		CA99F3DC1FD66103009A0E83 /* ViewController.swift in Sources */ = {isa = PBXBuildFile; fileRef = CA99F3DB1FD66103009A0E83 /* ViewController.swift */; };
		CA99F3DE1FD66103009A0E83 /* Assets.xcassets in Resources */ = {isa = PBXBuildFile; fileRef = CA99F3DD1FD66103009A0E83 /* Assets.xcassets */; };
		CA99F3E11FD66103009A0E83 /* Main.storyboard in Resources */ = {isa = PBXBuildFile; fileRef = CA99F3DF1FD66103009A0E83 /* Main.storyboard */; };
		CA99F3ED1FD66103009A0E83 /* AdventDay5Tests.swift in Sources */ = {isa = PBXBuildFile; fileRef = CA99F3EC1FD66103009A0E83 /* AdventDay5Tests.swift */; };
		CA99F3F81FD66103009A0E83 /* AdventDay5UITests.swift in Sources */ = {isa = PBXBuildFile; fileRef = CA99F3F71FD66103009A0E83 /* AdventDay5UITests.swift */; };
/* End PBXBuildFile section */

/* Begin PBXContainerItemProxy section */
		CA99F3E91FD66103009A0E83 /* PBXContainerItemProxy */ = {
			isa = PBXContainerItemProxy;
			containerPortal = CA99F3CE1FD66103009A0E83 /* Project object */;
			proxyType = 1;
			remoteGlobalIDString = CA99F3D51FD66103009A0E83;
			remoteInfo = AdventDay5;
		};
		CA99F3F41FD66103009A0E83 /* PBXContainerItemProxy */ = {
			isa = PBXContainerItemProxy;
			containerPortal = CA99F3CE1FD66103009A0E83 /* Project object */;
			proxyType = 1;
			remoteGlobalIDString = CA99F3D51FD66103009A0E83;
			remoteInfo = AdventDay5;
		};
/* End PBXContainerItemProxy section */

/* Begin PBXFileReference section */
		CA99F3D61FD66103009A0E83 /* AdventDay5.app */ = {isa = PBXFileReference; explicitFileType = wrapper.application; includeInIndex = 0; path = AdventDay5.app; sourceTree = BUILT_PRODUCTS_DIR; };
		CA99F3D91FD66103009A0E83 /* AppDelegate.swift */ = {isa = PBXFileReference; lastKnownFileType = sourcecode.swift; path = AppDelegate.swift; sourceTree = "<group>"; };
		CA99F3DB1FD66103009A0E83 /* ViewController.swift */ = {isa = PBXFileReference; lastKnownFileType = sourcecode.swift; path = ViewController.swift; sourceTree = "<group>"; };
		CA99F3DD1FD66103009A0E83 /* Assets.xcassets */ = {isa = PBXFileReference; lastKnownFileType = folder.assetcatalog; path = Assets.xcassets; sourceTree = "<group>"; };
		CA99F3E01FD66103009A0E83 /* Base */ = {isa = PBXFileReference; lastKnownFileType = file.storyboard; name = Base; path = Base.lproj/Main.storyboard; sourceTree = "<group>"; };
		CA99F3E21FD66103009A0E83 /* Info.plist */ = {isa = PBXFileReference; lastKnownFileType = text.plist.xml; path = Info.plist; sourceTree = "<group>"; };
		CA99F3E31FD66103009A0E83 /* AdventDay5.entitlements */ = {isa = PBXFileReference; lastKnownFileType = text.plist.entitlements; path = AdventDay5.entitlements; sourceTree = "<group>"; };
		CA99F3E81FD66103009A0E83 /* AdventDay5Tests.xctest */ = {isa = PBXFileReference; explicitFileType = wrapper.cfbundle; includeInIndex = 0; path = AdventDay5Tests.xctest; sourceTree = BUILT_PRODUCTS_DIR; };
		CA99F3EC1FD66103009A0E83 /* AdventDay5Tests.swift */ = {isa = PBXFileReference; lastKnownFileType = sourcecode.swift; path = AdventDay5Tests.swift; sourceTree = "<group>"; };
		CA99F3EE1FD66103009A0E83 /* Info.plist */ = {isa = PBXFileReference; lastKnownFileType = text.plist.xml; path = Info.plist; sourceTree = "<group>"; };
		CA99F3F31FD66103009A0E83 /* AdventDay5UITests.xctest */ = {isa = PBXFileReference; explicitFileType = wrapper.cfbundle; includeInIndex = 0; path = AdventDay5UITests.xctest; sourceTree = BUILT_PRODUCTS_DIR; };
		CA99F3F71FD66103009A0E83 /* AdventDay5UITests.swift */ = {isa = PBXFileReference; lastKnownFileType = sourcecode.swift; path = AdventDay5UITests.swift; sourceTree = "<group>"; };
		CA99F3F91FD66103009A0E83 /* Info.plist */ = {isa = PBXFileReference; lastKnownFileType = text.plist.xml; path = Info.plist; sourceTree = "<group>"; };
/* End PBXFileReference section */

/* Begin PBXFrameworksBuildPhase section */
		CA99F3D31FD66103009A0E83 /* Frameworks */ = {
			isa = PBXFrameworksBuildPhase;
			buildActionMask = 2147483647;
			files = (
			);
			runOnlyForDeploymentPostprocessing = 0;
		};
		CA99F3E51FD66103009A0E83 /* Frameworks */ = {
			isa = PBXFrameworksBuildPhase;
			buildActionMask = 2147483647;
			files = (
			);
			runOnlyForDeploymentPostprocessing = 0;
		};
		CA99F3F01FD66103009A0E83 /* Frameworks */ = {
			isa = PBXFrameworksBuildPhase;
			buildActionMask = 2147483647;
			files = (
			);
			runOnlyForDeploymentPostprocessing = 0;
		};
/* End PBXFrameworksBuildPhase section */

/* Begin PBXGroup section */
		CA99F3CD1FD66103009A0E83 = {
			isa = PBXGroup;
			children = (
				CA99F3D81FD66103009A0E83 /* AdventDay5 */,
				CA99F3EB1FD66103009A0E83 /* AdventDay5Tests */,
				CA99F3F61FD66103009A0E83 /* AdventDay5UITests */,
				CA99F3D71FD66103009A0E83 /* Products */,
			);
			sourceTree = "<group>";
		};
		CA99F3D71FD66103009A0E83 /* Products */ = {
			isa = PBXGroup;
			children = (
				CA99F3D61FD66103009A0E83 /* AdventDay5.app */,
				CA99F3E81FD66103009A0E83 /* AdventDay5Tests.xctest */,
				CA99F3F31FD66103009A0E83 /* AdventDay5UITests.xctest */,
			);
			name = Products;
			sourceTree = "<group>";
		};
		CA99F3D81FD66103009A0E83 /* AdventDay5 */ = {
			isa = PBXGroup;
			children = (
				CA99F3D91FD66103009A0E83 /* AppDelegate.swift */,
				CA99F3DB1FD66103009A0E83 /* ViewController.swift */,
				CA99F3DD1FD66103009A0E83 /* Assets.xcassets */,
				CA99F3DF1FD66103009A0E83 /* Main.storyboard */,
				CA99F3E21FD66103009A0E83 /* Info.plist */,
				CA99F3E31FD66103009A0E83 /* AdventDay5.entitlements */,
			);
			path = AdventDay5;
			sourceTree = "<group>";
		};
		CA99F3EB1FD66103009A0E83 /* AdventDay5Tests */ = {
			isa = PBXGroup;
			children = (
				CA99F3EC1FD66103009A0E83 /* AdventDay5Tests.swift */,
				CA99F3EE1FD66103009A0E83 /* Info.plist */,
			);
			path = AdventDay5Tests;
			sourceTree = "<group>";
		};
		CA99F3F61FD66103009A0E83 /* AdventDay5UITests */ = {
			isa = PBXGroup;
			children = (
				CA99F3F71FD66103009A0E83 /* AdventDay5UITests.swift */,
				CA99F3F91FD66103009A0E83 /* Info.plist */,
			);
			path = AdventDay5UITests;
			sourceTree = "<group>";
		};
/* End PBXGroup section */

/* Begin PBXNativeTarget section */
		CA99F3D51FD66103009A0E83 /* AdventDay5 */ = {
			isa = PBXNativeTarget;
			buildConfigurationList = CA99F3FC1FD66103009A0E83 /* Build configuration list for PBXNativeTarget "AdventDay5" */;
			buildPhases = (
				CA99F3D21FD66103009A0E83 /* Sources */,
				CA99F3D31FD66103009A0E83 /* Frameworks */,
				CA99F3D41FD66103009A0E83 /* Resources */,
			);
			buildRules = (
			);
			dependencies = (
			);
			name = AdventDay5;
			productName = AdventDay5;
			productReference = CA99F3D61FD66103009A0E83 /* AdventDay5.app */;
			productType = "com.apple.product-type.application";
		};
		CA99F3E71FD66103009A0E83 /* AdventDay5Tests */ = {
			isa = PBXNativeTarget;
			buildConfigurationList = CA99F3FF1FD66103009A0E83 /* Build configuration list for PBXNativeTarget "AdventDay5Tests" */;
			buildPhases = (
				CA99F3E41FD66103009A0E83 /* Sources */,
				CA99F3E51FD66103009A0E83 /* Frameworks */,
				CA99F3E61FD66103009A0E83 /* Resources */,
			);
			buildRules = (
			);
			dependencies = (
				CA99F3EA1FD66103009A0E83 /* PBXTargetDependency */,
			);
			name = AdventDay5Tests;
			productName = AdventDay5Tests;
			productReference = CA99F3E81FD66103009A0E83 /* AdventDay5Tests.xctest */;
			productType = "com.apple.product-type.bundle.unit-test";
		};
		CA99F3F21FD66103009A0E83 /* AdventDay5UITests */ = {
			isa = PBXNativeTarget;
			buildConfigurationList = CA99F4021FD66103009A0E83 /* Build configuration list for PBXNativeTarget "AdventDay5UITests" */;
			buildPhases = (
				CA99F3EF1FD66103009A0E83 /* Sources */,
				CA99F3F01FD66103009A0E83 /* Frameworks */,
				CA99F3F11FD66103009A0E83 /* Resources */,
			);
			buildRules = (
			);
			dependencies = (
				CA99F3F51FD66103009A0E83 /* PBXTargetDependency */,
			);
			name = AdventDay5UITests;
			productName = AdventDay5UITests;
			productReference = CA99F3F31FD66103009A0E83 /* AdventDay5UITests.xctest */;
			productType = "com.apple.product-type.bundle.ui-testing";
		};
/* End PBXNativeTarget section */

/* Begin PBXProject section */
		CA99F3CE1FD66103009A0E83 /* Project object */ = {
			isa = PBXProject;
			attributes = {
				LastSwiftUpdateCheck = 0910;
				LastUpgradeCheck = 0910;
				ORGANIZATIONNAME = "Arthur De Araujo";
				TargetAttributes = {
					CA99F3D51FD66103009A0E83 = {
						CreatedOnToolsVersion = 9.1;
						ProvisioningStyle = Automatic;
					};
					CA99F3E71FD66103009A0E83 = {
						CreatedOnToolsVersion = 9.1;
						ProvisioningStyle = Automatic;
						TestTargetID = CA99F3D51FD66103009A0E83;
					};
					CA99F3F21FD66103009A0E83 = {
						CreatedOnToolsVersion = 9.1;
						ProvisioningStyle = Automatic;
						TestTargetID = CA99F3D51FD66103009A0E83;
					};
				};
			};
			buildConfigurationList = CA99F3D11FD66103009A0E83 /* Build configuration list for PBXProject "AdventDay5" */;
			compatibilityVersion = "Xcode 8.0";
			developmentRegion = en;
			hasScannedForEncodings = 0;
			knownRegions = (
				en,
				Base,
			);
			mainGroup = CA99F3CD1FD66103009A0E83;
			productRefGroup = CA99F3D71FD66103009A0E83 /* Products */;
			projectDirPath = "";
			projectRoot = "";
			targets = (
				CA99F3D51FD66103009A0E83 /* AdventDay5 */,
				CA99F3E71FD66103009A0E83 /* AdventDay5Tests */,
				CA99F3F21FD66103009A0E83 /* AdventDay5UITests */,
			);
		};
/* End PBXProject section */

/* Begin PBXResourcesBuildPhase section */
		CA99F3D41FD66103009A0E83 /* Resources */ = {
			isa = PBXResourcesBuildPhase;
			buildActionMask = 2147483647;
			files = (
				CA99F3DE1FD66103009A0E83 /* Assets.xcassets in Resources */,
				CA99F3E11FD66103009A0E83 /* Main.storyboard in Resources */,
			);
			runOnlyForDeploymentPostprocessing = 0;
		};
		CA99F3E61FD66103009A0E83 /* Resources */ = {
			isa = PBXResourcesBuildPhase;
			buildActionMask = 2147483647;
			files = (
			);
			runOnlyForDeploymentPostprocessing = 0;
		};
		CA99F3F11FD66103009A0E83 /* Resources */ = {
			isa = PBXResourcesBuildPhase;
			buildActionMask = 2147483647;
			files = (
			);
			runOnlyForDeploymentPostprocessing = 0;
		};
/* End PBXResourcesBuildPhase section */

/* Begin PBXSourcesBuildPhase section */
		CA99F3D21FD66103009A0E83 /* Sources */ = {
			isa = PBXSourcesBuildPhase;
			buildActionMask = 2147483647;
			files = (
				CA99F3DC1FD66103009A0E83 /* ViewController.swift in Sources */,
				CA99F3DA1FD66103009A0E83 /* AppDelegate.swift in Sources */,
			);
			runOnlyForDeploymentPostprocessing = 0;
		};
		CA99F3E41FD66103009A0E83 /* Sources */ = {
			isa = PBXSourcesBuildPhase;
			buildActionMask = 2147483647;
			files = (
				CA99F3ED1FD66103009A0E83 /* AdventDay5Tests.swift in Sources */,
			);
			runOnlyForDeploymentPostprocessing = 0;
		};
		CA99F3EF1FD66103009A0E83 /* Sources */ = {
			isa = PBXSourcesBuildPhase;
			buildActionMask = 2147483647;
			files = (
				CA99F3F81FD66103009A0E83 /* AdventDay5UITests.swift in Sources */,
			);
			runOnlyForDeploymentPostprocessing = 0;
		};
/* End PBXSourcesBuildPhase section */

/* Begin PBXTargetDependency section */
		CA99F3EA1FD66103009A0E83 /* PBXTargetDependency */ = {
			isa = PBXTargetDependency;
			target = CA99F3D51FD66103009A0E83 /* AdventDay5 */;
			targetProxy = CA99F3E91FD66103009A0E83 /* PBXContainerItemProxy */;
		};
		CA99F3F51FD66103009A0E83 /* PBXTargetDependency */ = {
			isa = PBXTargetDependency;
			target = CA99F3D51FD66103009A0E83 /* AdventDay5 */;
			targetProxy = CA99F3F41FD66103009A0E83 /* PBXContainerItemProxy */;
		};
/* End PBXTargetDependency section */

/* Begin PBXVariantGroup section */
		CA99F3DF1FD66103009A0E83 /* Main.storyboard */ = {
			isa = PBXVariantGroup;
			children = (
				CA99F3E01FD66103009A0E83 /* Base */,
			);
			name = Main.storyboard;
			sourceTree = "<group>";
		};
/* End PBXVariantGroup section */

/* Begin XCBuildConfiguration section */
		CA99F3FA1FD66103009A0E83 /* Debug */ = {
			isa = XCBuildConfiguration;
			buildSettings = {
				ALWAYS_SEARCH_USER_PATHS = NO;
				CLANG_ANALYZER_NONNULL = YES;
				CLANG_ANALYZER_NUMBER_OBJECT_CONVERSION = YES_AGGRESSIVE;
				CLANG_CXX_LANGUAGE_STANDARD = "gnu++14";
				CLANG_CXX_LIBRARY = "libc++";
				CLANG_ENABLE_MODULES = YES;
				CLANG_ENABLE_OBJC_ARC = YES;
				CLANG_WARN_BLOCK_CAPTURE_AUTORELEASING = YES;
				CLANG_WARN_BOOL_CONVERSION = YES;
				CLANG_WARN_COMMA = YES;
				CLANG_WARN_CONSTANT_CONVERSION = YES;
				CLANG_WARN_DIRECT_OBJC_ISA_USAGE = YES_ERROR;
				CLANG_WARN_DOCUMENTATION_COMMENTS = YES;
				CLANG_WARN_EMPTY_BODY = YES;
				CLANG_WARN_ENUM_CONVERSION = YES;
				CLANG_WARN_INFINITE_RECURSION = YES;
				CLANG_WARN_INT_CONVERSION = YES;
				CLANG_WARN_NON_LITERAL_NULL_CONVERSION = YES;
				CLANG_WARN_OBJC_LITERAL_CONVERSION = YES;
				CLANG_WARN_OBJC_ROOT_CLASS = YES_ERROR;
				CLANG_WARN_RANGE_LOOP_ANALYSIS = YES;
				CLANG_WARN_STRICT_PROTOTYPES = YES;
				CLANG_WARN_SUSPICIOUS_MOVE = YES;
				CLANG_WARN_UNGUARDED_AVAILABILITY = YES_AGGRESSIVE;
				CLANG_WARN_UNREACHABLE_CODE = YES;
				CLANG_WARN__DUPLICATE_METHOD_MATCH = YES;
				CODE_SIGN_IDENTITY = "Mac Developer";
				COPY_PHASE_STRIP = NO;
				DEBUG_INFORMATION_FORMAT = dwarf;
				ENABLE_STRICT_OBJC_MSGSEND = YES;
				ENABLE_TESTABILITY = YES;
				GCC_C_LANGUAGE_STANDARD = gnu11;
				GCC_DYNAMIC_NO_PIC = NO;
				GCC_NO_COMMON_BLOCKS = YES;
				GCC_OPTIMIZATION_LEVEL = 0;
				GCC_PREPROCESSOR_DEFINITIONS = (
					"DEBUG=1",
					"$(inherited)",
				);
				GCC_WARN_64_TO_32_BIT_CONVERSION = YES;
				GCC_WARN_ABOUT_RETURN_TYPE = YES_ERROR;
				GCC_WARN_UNDECLARED_SELECTOR = YES;
				GCC_WARN_UNINITIALIZED_AUTOS = YES_AGGRESSIVE;
				GCC_WARN_UNUSED_FUNCTION = YES;
				GCC_WARN_UNUSED_VARIABLE = YES;
				MACOSX_DEPLOYMENT_TARGET = 10.13;
				MTL_ENABLE_DEBUG_INFO = YES;
				ONLY_ACTIVE_ARCH = YES;
				SDKROOT = macosx;
				SWIFT_ACTIVE_COMPILATION_CONDITIONS = DEBUG;
				SWIFT_OPTIMIZATION_LEVEL = "-Onone";
			};
			name = Debug;
		};
		CA99F3FB1FD66103009A0E83 /* Release */ = {
			isa = XCBuildConfiguration;
			buildSettings = {
				ALWAYS_SEARCH_USER_PATHS = NO;
				CLANG_ANALYZER_NONNULL = YES;
				CLANG_ANALYZER_NUMBER_OBJECT_CONVERSION = YES_AGGRESSIVE;
				CLANG_CXX_LANGUAGE_STANDARD = "gnu++14";
				CLANG_CXX_LIBRARY = "libc++";
				CLANG_ENABLE_MODULES = YES;
				CLANG_ENABLE_OBJC_ARC = YES;
				CLANG_WARN_BLOCK_CAPTURE_AUTORELEASING = YES;
				CLANG_WARN_BOOL_CONVERSION = YES;
				CLANG_WARN_COMMA = YES;
				CLANG_WARN_CONSTANT_CONVERSION = YES;
				CLANG_WARN_DIRECT_OBJC_ISA_USAGE = YES_ERROR;
				CLANG_WARN_DOCUMENTATION_COMMENTS = YES;
				CLANG_WARN_EMPTY_BODY = YES;
				CLANG_WARN_ENUM_CONVERSION = YES;
				CLANG_WARN_INFINITE_RECURSION = YES;
				CLANG_WARN_INT_CONVERSION = YES;
				CLANG_WARN_NON_LITERAL_NULL_CONVERSION = YES;
				CLANG_WARN_OBJC_LITERAL_CONVERSION = YES;
				CLANG_WARN_OBJC_ROOT_CLASS = YES_ERROR;
				CLANG_WARN_RANGE_LOOP_ANALYSIS = YES;
				CLANG_WARN_STRICT_PROTOTYPES = YES;
				CLANG_WARN_SUSPICIOUS_MOVE = YES;
				CLANG_WARN_UNGUARDED_AVAILABILITY = YES_AGGRESSIVE;
				CLANG_WARN_UNREACHABLE_CODE = YES;
				CLANG_WARN__DUPLICATE_METHOD_MATCH = YES;
				CODE_SIGN_IDENTITY = "Mac Developer";
				COPY_PHASE_STRIP = NO;
				DEBUG_INFORMATION_FORMAT = "dwarf-with-dsym";
				ENABLE_NS_ASSERTIONS = NO;
				ENABLE_STRICT_OBJC_MSGSEND = YES;
				GCC_C_LANGUAGE_STANDARD = gnu11;
				GCC_NO_COMMON_BLOCKS = YES;
				GCC_WARN_64_TO_32_BIT_CONVERSION = YES;
				GCC_WARN_ABOUT_RETURN_TYPE = YES_ERROR;
				GCC_WARN_UNDECLARED_SELECTOR = YES;
				GCC_WARN_UNINITIALIZED_AUTOS = YES_AGGRESSIVE;
				GCC_WARN_UNUSED_FUNCTION = YES;
				GCC_WARN_UNUSED_VARIABLE = YES;
				MACOSX_DEPLOYMENT_TARGET = 10.13;
				MTL_ENABLE_DEBUG_INFO = NO;
				SDKROOT = macosx;
				SWIFT_OPTIMIZATION_LEVEL = "-Owholemodule";
			};
			name = Release;
		};
		CA99F3FD1FD66103009A0E83 /* Debug */ = {
			isa = XCBuildConfiguration;
			buildSettings = {
				ASSETCATALOG_COMPILER_APPICON_NAME = AppIcon;
				CODE_SIGN_ENTITLEMENTS = AdventDay5/AdventDay5.entitlements;
				CODE_SIGN_STYLE = Automatic;
				COMBINE_HIDPI_IMAGES = YES;
				DEVELOPMENT_TEAM = 72H7NZKH7W;
				INFOPLIST_FILE = AdventDay5/Info.plist;
				LD_RUNPATH_SEARCH_PATHS = "$(inherited) @executable_path/../Frameworks";
				PRODUCT_BUNDLE_IDENTIFIER = com.arthur.AdventDay5;
				PRODUCT_NAME = "$(TARGET_NAME)";
				SWIFT_VERSION = 4.0;
			};
			name = Debug;
		};
		CA99F3FE1FD66103009A0E83 /* Release */ = {
			isa = XCBuildConfiguration;
			buildSettings = {
				ASSETCATALOG_COMPILER_APPICON_NAME = AppIcon;
				CODE_SIGN_ENTITLEMENTS = AdventDay5/AdventDay5.entitlements;
				CODE_SIGN_STYLE = Automatic;
				COMBINE_HIDPI_IMAGES = YES;
				DEVELOPMENT_TEAM = 72H7NZKH7W;
				INFOPLIST_FILE = AdventDay5/Info.plist;
				LD_RUNPATH_SEARCH_PATHS = "$(inherited) @executable_path/../Frameworks";
				PRODUCT_BUNDLE_IDENTIFIER = com.arthur.AdventDay5;
				PRODUCT_NAME = "$(TARGET_NAME)";
				SWIFT_VERSION = 4.0;
			};
			name = Release;
		};
		CA99F4001FD66103009A0E83 /* Debug */ = {
			isa = XCBuildConfiguration;
			buildSettings = {
				ALWAYS_EMBED_SWIFT_STANDARD_LIBRARIES = YES;
				BUNDLE_LOADER = "$(TEST_HOST)";
				CODE_SIGN_STYLE = Automatic;
				COMBINE_HIDPI_IMAGES = YES;
				DEVELOPMENT_TEAM = 72H7NZKH7W;
				INFOPLIST_FILE = AdventDay5Tests/Info.plist;
				LD_RUNPATH_SEARCH_PATHS = "$(inherited) @executable_path/../Frameworks @loader_path/../Frameworks";
				PRODUCT_BUNDLE_IDENTIFIER = com.arthur.AdventDay5Tests;
				PRODUCT_NAME = "$(TARGET_NAME)";
				SWIFT_VERSION = 4.0;
				TEST_HOST = "$(BUILT_PRODUCTS_DIR)/AdventDay5.app/Contents/MacOS/AdventDay5";
			};
			name = Debug;
		};
		CA99F4011FD66103009A0E83 /* Release */ = {
			isa = XCBuildConfiguration;
			buildSettings = {
				ALWAYS_EMBED_SWIFT_STANDARD_LIBRARIES = YES;
				BUNDLE_LOADER = "$(TEST_HOST)";
				CODE_SIGN_STYLE = Automatic;
				COMBINE_HIDPI_IMAGES = YES;
				DEVELOPMENT_TEAM = 72H7NZKH7W;
				INFOPLIST_FILE = AdventDay5Tests/Info.plist;
				LD_RUNPATH_SEARCH_PATHS = "$(inherited) @executable_path/../Frameworks @loader_path/../Frameworks";
				PRODUCT_BUNDLE_IDENTIFIER = com.arthur.AdventDay5Tests;
				PRODUCT_NAME = "$(TARGET_NAME)";
				SWIFT_VERSION = 4.0;
				TEST_HOST = "$(BUILT_PRODUCTS_DIR)/AdventDay5.app/Contents/MacOS/AdventDay5";
			};
			name = Release;
		};
		CA99F4031FD66103009A0E83 /* Debug */ = {
			isa = XCBuildConfiguration;
			buildSettings = {
				ALWAYS_EMBED_SWIFT_STANDARD_LIBRARIES = YES;
				CODE_SIGN_STYLE = Automatic;
				COMBINE_HIDPI_IMAGES = YES;
				DEVELOPMENT_TEAM = 72H7NZKH7W;
				INFOPLIST_FILE = AdventDay5UITests/Info.plist;
				LD_RUNPATH_SEARCH_PATHS = "$(inherited) @executable_path/../Frameworks @loader_path/../Frameworks";
				PRODUCT_BUNDLE_IDENTIFIER = com.arthur.AdventDay5UITests;
				PRODUCT_NAME = "$(TARGET_NAME)";
				SWIFT_VERSION = 4.0;
				TEST_TARGET_NAME = AdventDay5;
			};
			name = Debug;
		};
		CA99F4041FD66103009A0E83 /* Release */ = {
			isa = XCBuildConfiguration;
			buildSettings = {
				ALWAYS_EMBED_SWIFT_STANDARD_LIBRARIES = YES;
				CODE_SIGN_STYLE = Automatic;
				COMBINE_HIDPI_IMAGES = YES;
				DEVELOPMENT_TEAM = 72H7NZKH7W;
				INFOPLIST_FILE = AdventDay5UITests/Info.plist;
				LD_RUNPATH_SEARCH_PATHS = "$(inherited) @executable_path/../Frameworks @loader_path/../Frameworks";
				PRODUCT_BUNDLE_IDENTIFIER = com.arthur.AdventDay5UITests;
				PRODUCT_NAME = "$(TARGET_NAME)";
				SWIFT_VERSION = 4.0;
				TEST_TARGET_NAME = AdventDay5;
			};
			name = Release;
		};
/* End XCBuildConfiguration section */

/* Begin XCConfigurationList section */
		CA99F3D11FD66103009A0E83 /* Build configuration list for PBXProject "AdventDay5" */ = {
			isa = XCConfigurationList;
			buildConfigurations = (
				CA99F3FA1FD66103009A0E83 /* Debug */,
				CA99F3FB1FD66103009A0E83 /* Release */,
			);
			defaultConfigurationIsVisible = 0;
			defaultConfigurationName = Release;
		};
		CA99F3FC1FD66103009A0E83 /* Build configuration list for PBXNativeTarget "AdventDay5" */ = {
			isa = XCConfigurationList;
			buildConfigurations = (
				CA99F3FD1FD66103009A0E83 /* Debug */,
				CA99F3FE1FD66103009A0E83 /* Release */,
			);
			defaultConfigurationIsVisible = 0;
			defaultConfigurationName = Release;
		};
		CA99F3FF1FD66103009A0E83 /* Build configuration list for PBXNativeTarget "AdventDay5Tests" */ = {
			isa = XCConfigurationList;
			buildConfigurations = (
				CA99F4001FD66103009A0E83 /* Debug */,
				CA99F4011FD66103009A0E83 /* Release */,
			);
			defaultConfigurationIsVisible = 0;
			defaultConfigurationName = Release;
		};
		CA99F4021FD66103009A0E83 /* Build configuration list for PBXNativeTarget "AdventDay5UITests" */ = {
			isa = XCConfigurationList;
			buildConfigurations = (
				CA99F4031FD66103009A0E83 /* Debug */,
				CA99F4041FD66103009A0E83 /* Release */,
			);
			defaultConfigurationIsVisible = 0;
			defaultConfigurationName = Release;
		};
/* End XCConfigurationList section */
	};
	rootObject = CA99F3CE1FD66103009A0E83 /* Project object */;
}
