// !$*UTF8*$!
{
	archiveVersion = 1;
	classes = {
	};
	objectVersion = 48;
	objects = {

/* Begin PBXBuildFile section */
		CAF0C0311FD9BB6900E4A045 /* AppDelegate.swift in Sources */ = {isa = PBXBuildFile; fileRef = CAF0C0301FD9BB6900E4A045 /* AppDelegate.swift */; };
		CAF0C0331FD9BB6900E4A045 /* ViewController.swift in Sources */ = {isa = PBXBuildFile; fileRef = CAF0C0321FD9BB6900E4A045 /* ViewController.swift */; };
		CAF0C0351FD9BB6900E4A045 /* Assets.xcassets in Resources */ = {isa = PBXBuildFile; fileRef = CAF0C0341FD9BB6900E4A045 /* Assets.xcassets */; };
		CAF0C0381FD9BB6900E4A045 /* Main.storyboard in Resources */ = {isa = PBXBuildFile; fileRef = CAF0C0361FD9BB6900E4A045 /* Main.storyboard */; };
		CAF0C0441FD9BB6900E4A045 /* AdventDay7Tests.swift in Sources */ = {isa = PBXBuildFile; fileRef = CAF0C0431FD9BB6900E4A045 /* AdventDay7Tests.swift */; };
		CAF0C04F1FD9BB6900E4A045 /* AdventDay7UITests.swift in Sources */ = {isa = PBXBuildFile; fileRef = CAF0C04E1FD9BB6900E4A045 /* AdventDay7UITests.swift */; };
/* End PBXBuildFile section */

/* Begin PBXContainerItemProxy section */
		CAF0C0401FD9BB6900E4A045 /* PBXContainerItemProxy */ = {
			isa = PBXContainerItemProxy;
			containerPortal = CAF0C0251FD9BB6900E4A045 /* Project object */;
			proxyType = 1;
			remoteGlobalIDString = CAF0C02C1FD9BB6900E4A045;
			remoteInfo = AdventDay7;
		};
		CAF0C04B1FD9BB6900E4A045 /* PBXContainerItemProxy */ = {
			isa = PBXContainerItemProxy;
			containerPortal = CAF0C0251FD9BB6900E4A045 /* Project object */;
			proxyType = 1;
			remoteGlobalIDString = CAF0C02C1FD9BB6900E4A045;
			remoteInfo = AdventDay7;
		};
/* End PBXContainerItemProxy section */

/* Begin PBXFileReference section */
		CAF0C02D1FD9BB6900E4A045 /* AdventDay7.app */ = {isa = PBXFileReference; explicitFileType = wrapper.application; includeInIndex = 0; path = AdventDay7.app; sourceTree = BUILT_PRODUCTS_DIR; };
		CAF0C0301FD9BB6900E4A045 /* AppDelegate.swift */ = {isa = PBXFileReference; lastKnownFileType = sourcecode.swift; path = AppDelegate.swift; sourceTree = "<group>"; };
		CAF0C0321FD9BB6900E4A045 /* ViewController.swift */ = {isa = PBXFileReference; lastKnownFileType = sourcecode.swift; path = ViewController.swift; sourceTree = "<group>"; };
		CAF0C0341FD9BB6900E4A045 /* Assets.xcassets */ = {isa = PBXFileReference; lastKnownFileType = folder.assetcatalog; path = Assets.xcassets; sourceTree = "<group>"; };
		CAF0C0371FD9BB6900E4A045 /* Base */ = {isa = PBXFileReference; lastKnownFileType = file.storyboard; name = Base; path = Base.lproj/Main.storyboard; sourceTree = "<group>"; };
		CAF0C0391FD9BB6900E4A045 /* Info.plist */ = {isa = PBXFileReference; lastKnownFileType = text.plist.xml; path = Info.plist; sourceTree = "<group>"; };
		CAF0C03A1FD9BB6900E4A045 /* AdventDay7.entitlements */ = {isa = PBXFileReference; lastKnownFileType = text.plist.entitlements; path = AdventDay7.entitlements; sourceTree = "<group>"; };
		CAF0C03F1FD9BB6900E4A045 /* AdventDay7Tests.xctest */ = {isa = PBXFileReference; explicitFileType = wrapper.cfbundle; includeInIndex = 0; path = AdventDay7Tests.xctest; sourceTree = BUILT_PRODUCTS_DIR; };
		CAF0C0431FD9BB6900E4A045 /* AdventDay7Tests.swift */ = {isa = PBXFileReference; lastKnownFileType = sourcecode.swift; path = AdventDay7Tests.swift; sourceTree = "<group>"; };
		CAF0C0451FD9BB6900E4A045 /* Info.plist */ = {isa = PBXFileReference; lastKnownFileType = text.plist.xml; path = Info.plist; sourceTree = "<group>"; };
		CAF0C04A1FD9BB6900E4A045 /* AdventDay7UITests.xctest */ = {isa = PBXFileReference; explicitFileType = wrapper.cfbundle; includeInIndex = 0; path = AdventDay7UITests.xctest; sourceTree = BUILT_PRODUCTS_DIR; };
		CAF0C04E1FD9BB6900E4A045 /* AdventDay7UITests.swift */ = {isa = PBXFileReference; lastKnownFileType = sourcecode.swift; path = AdventDay7UITests.swift; sourceTree = "<group>"; };
		CAF0C0501FD9BB6900E4A045 /* Info.plist */ = {isa = PBXFileReference; lastKnownFileType = text.plist.xml; path = Info.plist; sourceTree = "<group>"; };
/* End PBXFileReference section */

/* Begin PBXFrameworksBuildPhase section */
		CAF0C02A1FD9BB6900E4A045 /* Frameworks */ = {
			isa = PBXFrameworksBuildPhase;
			buildActionMask = 2147483647;
			files = (
			);
			runOnlyForDeploymentPostprocessing = 0;
		};
		CAF0C03C1FD9BB6900E4A045 /* Frameworks */ = {
			isa = PBXFrameworksBuildPhase;
			buildActionMask = 2147483647;
			files = (
			);
			runOnlyForDeploymentPostprocessing = 0;
		};
		CAF0C0471FD9BB6900E4A045 /* Frameworks */ = {
			isa = PBXFrameworksBuildPhase;
			buildActionMask = 2147483647;
			files = (
			);
			runOnlyForDeploymentPostprocessing = 0;
		};
/* End PBXFrameworksBuildPhase section */

/* Begin PBXGroup section */
		CAF0C0241FD9BB6900E4A045 = {
			isa = PBXGroup;
			children = (
				CAF0C02F1FD9BB6900E4A045 /* AdventDay7 */,
				CAF0C0421FD9BB6900E4A045 /* AdventDay7Tests */,
				CAF0C04D1FD9BB6900E4A045 /* AdventDay7UITests */,
				CAF0C02E1FD9BB6900E4A045 /* Products */,
			);
			sourceTree = "<group>";
		};
		CAF0C02E1FD9BB6900E4A045 /* Products */ = {
			isa = PBXGroup;
			children = (
				CAF0C02D1FD9BB6900E4A045 /* AdventDay7.app */,
				CAF0C03F1FD9BB6900E4A045 /* AdventDay7Tests.xctest */,
				CAF0C04A1FD9BB6900E4A045 /* AdventDay7UITests.xctest */,
			);
			name = Products;
			sourceTree = "<group>";
		};
		CAF0C02F1FD9BB6900E4A045 /* AdventDay7 */ = {
			isa = PBXGroup;
			children = (
				CAF0C0301FD9BB6900E4A045 /* AppDelegate.swift */,
				CAF0C0321FD9BB6900E4A045 /* ViewController.swift */,
				CAF0C0341FD9BB6900E4A045 /* Assets.xcassets */,
				CAF0C0361FD9BB6900E4A045 /* Main.storyboard */,
				CAF0C0391FD9BB6900E4A045 /* Info.plist */,
				CAF0C03A1FD9BB6900E4A045 /* AdventDay7.entitlements */,
			);
			path = AdventDay7;
			sourceTree = "<group>";
		};
		CAF0C0421FD9BB6900E4A045 /* AdventDay7Tests */ = {
			isa = PBXGroup;
			children = (
				CAF0C0431FD9BB6900E4A045 /* AdventDay7Tests.swift */,
				CAF0C0451FD9BB6900E4A045 /* Info.plist */,
			);
			path = AdventDay7Tests;
			sourceTree = "<group>";
		};
		CAF0C04D1FD9BB6900E4A045 /* AdventDay7UITests */ = {
			isa = PBXGroup;
			children = (
				CAF0C04E1FD9BB6900E4A045 /* AdventDay7UITests.swift */,
				CAF0C0501FD9BB6900E4A045 /* Info.plist */,
			);
			path = AdventDay7UITests;
			sourceTree = "<group>";
		};
/* End PBXGroup section */

/* Begin PBXNativeTarget section */
		CAF0C02C1FD9BB6900E4A045 /* AdventDay7 */ = {
			isa = PBXNativeTarget;
			buildConfigurationList = CAF0C0531FD9BB6900E4A045 /* Build configuration list for PBXNativeTarget "AdventDay7" */;
			buildPhases = (
				CAF0C0291FD9BB6900E4A045 /* Sources */,
				CAF0C02A1FD9BB6900E4A045 /* Frameworks */,
				CAF0C02B1FD9BB6900E4A045 /* Resources */,
			);
			buildRules = (
			);
			dependencies = (
			);
			name = AdventDay7;
			productName = AdventDay7;
			productReference = CAF0C02D1FD9BB6900E4A045 /* AdventDay7.app */;
			productType = "com.apple.product-type.application";
		};
		CAF0C03E1FD9BB6900E4A045 /* AdventDay7Tests */ = {
			isa = PBXNativeTarget;
			buildConfigurationList = CAF0C0561FD9BB6900E4A045 /* Build configuration list for PBXNativeTarget "AdventDay7Tests" */;
			buildPhases = (
				CAF0C03B1FD9BB6900E4A045 /* Sources */,
				CAF0C03C1FD9BB6900E4A045 /* Frameworks */,
				CAF0C03D1FD9BB6900E4A045 /* Resources */,
			);
			buildRules = (
			);
			dependencies = (
				CAF0C0411FD9BB6900E4A045 /* PBXTargetDependency */,
			);
			name = AdventDay7Tests;
			productName = AdventDay7Tests;
			productReference = CAF0C03F1FD9BB6900E4A045 /* AdventDay7Tests.xctest */;
			productType = "com.apple.product-type.bundle.unit-test";
		};
		CAF0C0491FD9BB6900E4A045 /* AdventDay7UITests */ = {
			isa = PBXNativeTarget;
			buildConfigurationList = CAF0C0591FD9BB6900E4A045 /* Build configuration list for PBXNativeTarget "AdventDay7UITests" */;
			buildPhases = (
				CAF0C0461FD9BB6900E4A045 /* Sources */,
				CAF0C0471FD9BB6900E4A045 /* Frameworks */,
				CAF0C0481FD9BB6900E4A045 /* Resources */,
			);
			buildRules = (
			);
			dependencies = (
				CAF0C04C1FD9BB6900E4A045 /* PBXTargetDependency */,
			);
			name = AdventDay7UITests;
			productName = AdventDay7UITests;
			productReference = CAF0C04A1FD9BB6900E4A045 /* AdventDay7UITests.xctest */;
			productType = "com.apple.product-type.bundle.ui-testing";
		};
/* End PBXNativeTarget section */

/* Begin PBXProject section */
		CAF0C0251FD9BB6900E4A045 /* Project object */ = {
			isa = PBXProject;
			attributes = {
				LastSwiftUpdateCheck = 0920;
				LastUpgradeCheck = 0920;
				ORGANIZATIONNAME = "Arthur De Araujo";
				TargetAttributes = {
					CAF0C02C1FD9BB6900E4A045 = {
						CreatedOnToolsVersion = 9.2;
						ProvisioningStyle = Automatic;
					};
					CAF0C03E1FD9BB6900E4A045 = {
						CreatedOnToolsVersion = 9.2;
						ProvisioningStyle = Automatic;
						TestTargetID = CAF0C02C1FD9BB6900E4A045;
					};
					CAF0C0491FD9BB6900E4A045 = {
						CreatedOnToolsVersion = 9.2;
						ProvisioningStyle = Automatic;
						TestTargetID = CAF0C02C1FD9BB6900E4A045;
					};
				};
			};
			buildConfigurationList = CAF0C0281FD9BB6900E4A045 /* Build configuration list for PBXProject "AdventDay7" */;
			compatibilityVersion = "Xcode 8.0";
			developmentRegion = en;
			hasScannedForEncodings = 0;
			knownRegions = (
				en,
				Base,
			);
			mainGroup = CAF0C0241FD9BB6900E4A045;
			productRefGroup = CAF0C02E1FD9BB6900E4A045 /* Products */;
			projectDirPath = "";
			projectRoot = "";
			targets = (
				CAF0C02C1FD9BB6900E4A045 /* AdventDay7 */,
				CAF0C03E1FD9BB6900E4A045 /* AdventDay7Tests */,
				CAF0C0491FD9BB6900E4A045 /* AdventDay7UITests */,
			);
		};
/* End PBXProject section */

/* Begin PBXResourcesBuildPhase section */
		CAF0C02B1FD9BB6900E4A045 /* Resources */ = {
			isa = PBXResourcesBuildPhase;
			buildActionMask = 2147483647;
			files = (
				CAF0C0351FD9BB6900E4A045 /* Assets.xcassets in Resources */,
				CAF0C0381FD9BB6900E4A045 /* Main.storyboard in Resources */,
			);
			runOnlyForDeploymentPostprocessing = 0;
		};
		CAF0C03D1FD9BB6900E4A045 /* Resources */ = {
			isa = PBXResourcesBuildPhase;
			buildActionMask = 2147483647;
			files = (
			);
			runOnlyForDeploymentPostprocessing = 0;
		};
		CAF0C0481FD9BB6900E4A045 /* Resources */ = {
			isa = PBXResourcesBuildPhase;
			buildActionMask = 2147483647;
			files = (
			);
			runOnlyForDeploymentPostprocessing = 0;
		};
/* End PBXResourcesBuildPhase section */

/* Begin PBXSourcesBuildPhase section */
		CAF0C0291FD9BB6900E4A045 /* Sources */ = {
			isa = PBXSourcesBuildPhase;
			buildActionMask = 2147483647;
			files = (
				CAF0C0331FD9BB6900E4A045 /* ViewController.swift in Sources */,
				CAF0C0311FD9BB6900E4A045 /* AppDelegate.swift in Sources */,
			);
			runOnlyForDeploymentPostprocessing = 0;
		};
		CAF0C03B1FD9BB6900E4A045 /* Sources */ = {
			isa = PBXSourcesBuildPhase;
			buildActionMask = 2147483647;
			files = (
				CAF0C0441FD9BB6900E4A045 /* AdventDay7Tests.swift in Sources */,
			);
			runOnlyForDeploymentPostprocessing = 0;
		};
		CAF0C0461FD9BB6900E4A045 /* Sources */ = {
			isa = PBXSourcesBuildPhase;
			buildActionMask = 2147483647;
			files = (
				CAF0C04F1FD9BB6900E4A045 /* AdventDay7UITests.swift in Sources */,
			);
			runOnlyForDeploymentPostprocessing = 0;
		};
/* End PBXSourcesBuildPhase section */

/* Begin PBXTargetDependency section */
		CAF0C0411FD9BB6900E4A045 /* PBXTargetDependency */ = {
			isa = PBXTargetDependency;
			target = CAF0C02C1FD9BB6900E4A045 /* AdventDay7 */;
			targetProxy = CAF0C0401FD9BB6900E4A045 /* PBXContainerItemProxy */;
		};
		CAF0C04C1FD9BB6900E4A045 /* PBXTargetDependency */ = {
			isa = PBXTargetDependency;
			target = CAF0C02C1FD9BB6900E4A045 /* AdventDay7 */;
			targetProxy = CAF0C04B1FD9BB6900E4A045 /* PBXContainerItemProxy */;
		};
/* End PBXTargetDependency section */

/* Begin PBXVariantGroup section */
		CAF0C0361FD9BB6900E4A045 /* Main.storyboard */ = {
			isa = PBXVariantGroup;
			children = (
				CAF0C0371FD9BB6900E4A045 /* Base */,
			);
			name = Main.storyboard;
			sourceTree = "<group>";
		};
/* End PBXVariantGroup section */

/* Begin XCBuildConfiguration section */
		CAF0C0511FD9BB6900E4A045 /* Debug */ = {
			isa = XCBuildConfiguration;
			buildSettings = {
				ALWAYS_SEARCH_USER_PATHS = NO;
				CLANG_ANALYZER_NONNULL = YES;
				CLANG_ANALYZER_NUMBER_OBJECT_CONVERSION = YES_AGGRESSIVE;
				CLANG_CXX_LANGUAGE_STANDARD = "gnu++14";
				CLANG_CXX_LIBRARY = "libc++";
				CLANG_ENABLE_MODULES = YES;
				CLANG_ENABLE_OBJC_ARC = YES;
				CLANG_WARN_BLOCK_CAPTURE_AUTORELEASING = YES;
				CLANG_WARN_BOOL_CONVERSION = YES;
				CLANG_WARN_COMMA = YES;
				CLANG_WARN_CONSTANT_CONVERSION = YES;
				CLANG_WARN_DIRECT_OBJC_ISA_USAGE = YES_ERROR;
				CLANG_WARN_DOCUMENTATION_COMMENTS = YES;
				CLANG_WARN_EMPTY_BODY = YES;
				CLANG_WARN_ENUM_CONVERSION = YES;
				CLANG_WARN_INFINITE_RECURSION = YES;
				CLANG_WARN_INT_CONVERSION = YES;
				CLANG_WARN_NON_LITERAL_NULL_CONVERSION = YES;
				CLANG_WARN_OBJC_LITERAL_CONVERSION = YES;
				CLANG_WARN_OBJC_ROOT_CLASS = YES_ERROR;
				CLANG_WARN_RANGE_LOOP_ANALYSIS = YES;
				CLANG_WARN_STRICT_PROTOTYPES = YES;
				CLANG_WARN_SUSPICIOUS_MOVE = YES;
				CLANG_WARN_UNGUARDED_AVAILABILITY = YES_AGGRESSIVE;
				CLANG_WARN_UNREACHABLE_CODE = YES;
				CLANG_WARN__DUPLICATE_METHOD_MATCH = YES;
				CODE_SIGN_IDENTITY = "Mac Developer";
				COPY_PHASE_STRIP = NO;
				DEBUG_INFORMATION_FORMAT = dwarf;
				ENABLE_STRICT_OBJC_MSGSEND = YES;
				ENABLE_TESTABILITY = YES;
				GCC_C_LANGUAGE_STANDARD = gnu11;
				GCC_DYNAMIC_NO_PIC = NO;
				GCC_NO_COMMON_BLOCKS = YES;
				GCC_OPTIMIZATION_LEVEL = 0;
				GCC_PREPROCESSOR_DEFINITIONS = (
					"DEBUG=1",
					"$(inherited)",
				);
				GCC_WARN_64_TO_32_BIT_CONVERSION = YES;
				GCC_WARN_ABOUT_RETURN_TYPE = YES_ERROR;
				GCC_WARN_UNDECLARED_SELECTOR = YES;
				GCC_WARN_UNINITIALIZED_AUTOS = YES_AGGRESSIVE;
				GCC_WARN_UNUSED_FUNCTION = YES;
				GCC_WARN_UNUSED_VARIABLE = YES;
				MACOSX_DEPLOYMENT_TARGET = 10.13;
				MTL_ENABLE_DEBUG_INFO = YES;
				ONLY_ACTIVE_ARCH = YES;
				SDKROOT = macosx;
				SWIFT_ACTIVE_COMPILATION_CONDITIONS = DEBUG;
				SWIFT_OPTIMIZATION_LEVEL = "-Onone";
			};
			name = Debug;
		};
		CAF0C0521FD9BB6900E4A045 /* Release */ = {
			isa = XCBuildConfiguration;
			buildSettings = {
				ALWAYS_SEARCH_USER_PATHS = NO;
				CLANG_ANALYZER_NONNULL = YES;
				CLANG_ANALYZER_NUMBER_OBJECT_CONVERSION = YES_AGGRESSIVE;
				CLANG_CXX_LANGUAGE_STANDARD = "gnu++14";
				CLANG_CXX_LIBRARY = "libc++";
				CLANG_ENABLE_MODULES = YES;
				CLANG_ENABLE_OBJC_ARC = YES;
				CLANG_WARN_BLOCK_CAPTURE_AUTORELEASING = YES;
				CLANG_WARN_BOOL_CONVERSION = YES;
				CLANG_WARN_COMMA = YES;
				CLANG_WARN_CONSTANT_CONVERSION = YES;
				CLANG_WARN_DIRECT_OBJC_ISA_USAGE = YES_ERROR;
				CLANG_WARN_DOCUMENTATION_COMMENTS = YES;
				CLANG_WARN_EMPTY_BODY = YES;
				CLANG_WARN_ENUM_CONVERSION = YES;
				CLANG_WARN_INFINITE_RECURSION = YES;
				CLANG_WARN_INT_CONVERSION = YES;
				CLANG_WARN_NON_LITERAL_NULL_CONVERSION = YES;
				CLANG_WARN_OBJC_LITERAL_CONVERSION = YES;
				CLANG_WARN_OBJC_ROOT_CLASS = YES_ERROR;
				CLANG_WARN_RANGE_LOOP_ANALYSIS = YES;
				CLANG_WARN_STRICT_PROTOTYPES = YES;
				CLANG_WARN_SUSPICIOUS_MOVE = YES;
				CLANG_WARN_UNGUARDED_AVAILABILITY = YES_AGGRESSIVE;
				CLANG_WARN_UNREACHABLE_CODE = YES;
				CLANG_WARN__DUPLICATE_METHOD_MATCH = YES;
				CODE_SIGN_IDENTITY = "Mac Developer";
				COPY_PHASE_STRIP = NO;
				DEBUG_INFORMATION_FORMAT = "dwarf-with-dsym";
				ENABLE_NS_ASSERTIONS = NO;
				ENABLE_STRICT_OBJC_MSGSEND = YES;
				GCC_C_LANGUAGE_STANDARD = gnu11;
				GCC_NO_COMMON_BLOCKS = YES;
				GCC_WARN_64_TO_32_BIT_CONVERSION = YES;
				GCC_WARN_ABOUT_RETURN_TYPE = YES_ERROR;
				GCC_WARN_UNDECLARED_SELECTOR = YES;
				GCC_WARN_UNINITIALIZED_AUTOS = YES_AGGRESSIVE;
				GCC_WARN_UNUSED_FUNCTION = YES;
				GCC_WARN_UNUSED_VARIABLE = YES;
				MACOSX_DEPLOYMENT_TARGET = 10.13;
				MTL_ENABLE_DEBUG_INFO = NO;
				SDKROOT = macosx;
				SWIFT_OPTIMIZATION_LEVEL = "-Owholemodule";
			};
			name = Release;
		};
		CAF0C0541FD9BB6900E4A045 /* Debug */ = {
			isa = XCBuildConfiguration;
			buildSettings = {
				ASSETCATALOG_COMPILER_APPICON_NAME = AppIcon;
				CODE_SIGN_ENTITLEMENTS = AdventDay7/AdventDay7.entitlements;
				CODE_SIGN_STYLE = Automatic;
				COMBINE_HIDPI_IMAGES = YES;
				DEVELOPMENT_TEAM = 72H7NZKH7W;
				INFOPLIST_FILE = AdventDay7/Info.plist;
				LD_RUNPATH_SEARCH_PATHS = "$(inherited) @executable_path/../Frameworks";
				PRODUCT_BUNDLE_IDENTIFIER = com.arthur.AdventDay7;
				PRODUCT_NAME = "$(TARGET_NAME)";
				SWIFT_VERSION = 4.0;
			};
			name = Debug;
		};
		CAF0C0551FD9BB6900E4A045 /* Release */ = {
			isa = XCBuildConfiguration;
			buildSettings = {
				ASSETCATALOG_COMPILER_APPICON_NAME = AppIcon;
				CODE_SIGN_ENTITLEMENTS = AdventDay7/AdventDay7.entitlements;
				CODE_SIGN_STYLE = Automatic;
				COMBINE_HIDPI_IMAGES = YES;
				DEVELOPMENT_TEAM = 72H7NZKH7W;
				INFOPLIST_FILE = AdventDay7/Info.plist;
				LD_RUNPATH_SEARCH_PATHS = "$(inherited) @executable_path/../Frameworks";
				PRODUCT_BUNDLE_IDENTIFIER = com.arthur.AdventDay7;
				PRODUCT_NAME = "$(TARGET_NAME)";
				SWIFT_VERSION = 4.0;
			};
			name = Release;
		};
		CAF0C0571FD9BB6900E4A045 /* Debug */ = {
			isa = XCBuildConfiguration;
			buildSettings = {
				ALWAYS_EMBED_SWIFT_STANDARD_LIBRARIES = YES;
				BUNDLE_LOADER = "$(TEST_HOST)";
				CODE_SIGN_STYLE = Automatic;
				COMBINE_HIDPI_IMAGES = YES;
				DEVELOPMENT_TEAM = 72H7NZKH7W;
				INFOPLIST_FILE = AdventDay7Tests/Info.plist;
				LD_RUNPATH_SEARCH_PATHS = "$(inherited) @executable_path/../Frameworks @loader_path/../Frameworks";
				PRODUCT_BUNDLE_IDENTIFIER = com.arthur.AdventDay7Tests;
				PRODUCT_NAME = "$(TARGET_NAME)";
				SWIFT_VERSION = 4.0;
				TEST_HOST = "$(BUILT_PRODUCTS_DIR)/AdventDay7.app/Contents/MacOS/AdventDay7";
			};
			name = Debug;
		};
		CAF0C0581FD9BB6900E4A045 /* Release */ = {
			isa = XCBuildConfiguration;
			buildSettings = {
				ALWAYS_EMBED_SWIFT_STANDARD_LIBRARIES = YES;
				BUNDLE_LOADER = "$(TEST_HOST)";
				CODE_SIGN_STYLE = Automatic;
				COMBINE_HIDPI_IMAGES = YES;
				DEVELOPMENT_TEAM = 72H7NZKH7W;
				INFOPLIST_FILE = AdventDay7Tests/Info.plist;
				LD_RUNPATH_SEARCH_PATHS = "$(inherited) @executable_path/../Frameworks @loader_path/../Frameworks";
				PRODUCT_BUNDLE_IDENTIFIER = com.arthur.AdventDay7Tests;
				PRODUCT_NAME = "$(TARGET_NAME)";
				SWIFT_VERSION = 4.0;
				TEST_HOST = "$(BUILT_PRODUCTS_DIR)/AdventDay7.app/Contents/MacOS/AdventDay7";
			};
			name = Release;
		};
		CAF0C05A1FD9BB6900E4A045 /* Debug */ = {
			isa = XCBuildConfiguration;
			buildSettings = {
				ALWAYS_EMBED_SWIFT_STANDARD_LIBRARIES = YES;
				CODE_SIGN_STYLE = Automatic;
				COMBINE_HIDPI_IMAGES = YES;
				DEVELOPMENT_TEAM = 72H7NZKH7W;
				INFOPLIST_FILE = AdventDay7UITests/Info.plist;
				LD_RUNPATH_SEARCH_PATHS = "$(inherited) @executable_path/../Frameworks @loader_path/../Frameworks";
				PRODUCT_BUNDLE_IDENTIFIER = com.arthur.AdventDay7UITests;
				PRODUCT_NAME = "$(TARGET_NAME)";
				SWIFT_VERSION = 4.0;
				TEST_TARGET_NAME = AdventDay7;
			};
			name = Debug;
		};
		CAF0C05B1FD9BB6900E4A045 /* Release */ = {
			isa = XCBuildConfiguration;
			buildSettings = {
				ALWAYS_EMBED_SWIFT_STANDARD_LIBRARIES = YES;
				CODE_SIGN_STYLE = Automatic;
				COMBINE_HIDPI_IMAGES = YES;
				DEVELOPMENT_TEAM = 72H7NZKH7W;
				INFOPLIST_FILE = AdventDay7UITests/Info.plist;
				LD_RUNPATH_SEARCH_PATHS = "$(inherited) @executable_path/../Frameworks @loader_path/../Frameworks";
				PRODUCT_BUNDLE_IDENTIFIER = com.arthur.AdventDay7UITests;
				PRODUCT_NAME = "$(TARGET_NAME)";
				SWIFT_VERSION = 4.0;
				TEST_TARGET_NAME = AdventDay7;
			};
			name = Release;
		};
/* End XCBuildConfiguration section */

/* Begin XCConfigurationList section */
		CAF0C0281FD9BB6900E4A045 /* Build configuration list for PBXProject "AdventDay7" */ = {
			isa = XCConfigurationList;
			buildConfigurations = (
				CAF0C0511FD9BB6900E4A045 /* Debug */,
				CAF0C0521FD9BB6900E4A045 /* Release */,
			);
			defaultConfigurationIsVisible = 0;
			defaultConfigurationName = Release;
		};
		CAF0C0531FD9BB6900E4A045 /* Build configuration list for PBXNativeTarget "AdventDay7" */ = {
			isa = XCConfigurationList;
			buildConfigurations = (
				CAF0C0541FD9BB6900E4A045 /* Debug */,
				CAF0C0551FD9BB6900E4A045 /* Release */,
			);
			defaultConfigurationIsVisible = 0;
			defaultConfigurationName = Release;
		};
		CAF0C0561FD9BB6900E4A045 /* Build configuration list for PBXNativeTarget "AdventDay7Tests" */ = {
			isa = XCConfigurationList;
			buildConfigurations = (
				CAF0C0571FD9BB6900E4A045 /* Debug */,
				CAF0C0581FD9BB6900E4A045 /* Release */,
			);
			defaultConfigurationIsVisible = 0;
			defaultConfigurationName = Release;
		};
		CAF0C0591FD9BB6900E4A045 /* Build configuration list for PBXNativeTarget "AdventDay7UITests" */ = {
			isa = XCConfigurationList;
			buildConfigurations = (
				CAF0C05A1FD9BB6900E4A045 /* Debug */,
				CAF0C05B1FD9BB6900E4A045 /* Release */,
			);
			defaultConfigurationIsVisible = 0;
			defaultConfigurationName = Release;
		};
/* End XCConfigurationList section */
	};
	rootObject = CAF0C0251FD9BB6900E4A045 /* Project object */;
}
